
Microsoft Visual Studio Solution File, Format Version 12.00
# Visual Studio Version 16
VisualStudioVersion = 16.0.31424.327
MinimumVisualStudioVersion = 10.0.40219.1
Project("{9A19103F-16F7-4668-BE54-9A1E7A4F7556}") = "dajet-metadata-schema", "dajet-metadata-schema\dajet-metadata-schema.csproj", "{0E83AFBF-6C90-47F9-9269-B67CB474B154}"
EndProject
Project("{FAE04EC0-301F-11D3-BF4B-00C04F79EFBC}") = "dajet-metadata-schema-ui", "dajet-metadata-schema-ui\dajet-metadata-schema-ui.csproj", "{E9097B5A-A02A-406A-8EDC-616B06FCD32B}"
EndProject
Global
	GlobalSection(SolutionConfigurationPlatforms) = preSolution
		Debug|Any CPU = Debug|Any CPU
		Debug|x64 = Debug|x64
		Debug|x86 = Debug|x86
		Release|Any CPU = Release|Any CPU
		Release|x64 = Release|x64
		Release|x86 = Release|x86
	EndGlobalSection
	GlobalSection(ProjectConfigurationPlatforms) = postSolution
		{0E83AFBF-6C90-47F9-9269-B67CB474B154}.Debug|Any CPU.ActiveCfg = Debug|Any CPU
		{0E83AFBF-6C90-47F9-9269-B67CB474B154}.Debug|Any CPU.Build.0 = Debug|Any CPU
		{0E83AFBF-6C90-47F9-9269-B67CB474B154}.Debug|x64.ActiveCfg = Debug|Any CPU
		{0E83AFBF-6C90-47F9-9269-B67CB474B154}.Debug|x64.Build.0 = Debug|Any CPU
		{0E83AFBF-6C90-47F9-9269-B67CB474B154}.Debug|x86.ActiveCfg = Debug|Any CPU
		{0E83AFBF-6C90-47F9-9269-B67CB474B154}.Debug|x86.Build.0 = Debug|Any CPU
		{0E83AFBF-6C90-47F9-9269-B67CB474B154}.Release|Any CPU.ActiveCfg = Release|Any CPU
		{0E83AFBF-6C90-47F9-9269-B67CB474B154}.Release|Any CPU.Build.0 = Release|Any CPU
		{0E83AFBF-6C90-47F9-9269-B67CB474B154}.Release|x64.ActiveCfg = Release|Any CPU
		{0E83AFBF-6C90-47F9-9269-B67CB474B154}.Release|x64.Build.0 = Release|Any CPU
		{0E83AFBF-6C90-47F9-9269-B67CB474B154}.Release|x86.ActiveCfg = Release|Any CPU
		{0E83AFBF-6C90-47F9-9269-B67CB474B154}.Release|x86.Build.0 = Release|Any CPU
		{E9097B5A-A02A-406A-8EDC-616B06FCD32B}.Debug|Any CPU.ActiveCfg = Debug|Any CPU
		{E9097B5A-A02A-406A-8EDC-616B06FCD32B}.Debug|Any CPU.Build.0 = Debug|Any CPU
		{E9097B5A-A02A-406A-8EDC-616B06FCD32B}.Debug|x64.ActiveCfg = Debug|Any CPU
		{E9097B5A-A02A-406A-8EDC-616B06FCD32B}.Debug|x64.Build.0 = Debug|Any CPU
		{E9097B5A-A02A-406A-8EDC-616B06FCD32B}.Debug|x86.ActiveCfg = Debug|Any CPU
		{E9097B5A-A02A-406A-8EDC-616B06FCD32B}.Debug|x86.Build.0 = Debug|Any CPU
		{E9097B5A-A02A-406A-8EDC-616B06FCD32B}.Release|Any CPU.ActiveCfg = Release|Any CPU
		{E9097B5A-A02A-406A-8EDC-616B06FCD32B}.Release|Any CPU.Build.0 = Release|Any CPU
		{E9097B5A-A02A-406A-8EDC-616B06FCD32B}.Release|x64.ActiveCfg = Release|Any CPU
		{E9097B5A-A02A-406A-8EDC-616B06FCD32B}.Release|x64.Build.0 = Release|Any CPU
		{E9097B5A-A02A-406A-8EDC-616B06FCD32B}.Release|x86.ActiveCfg = Release|Any CPU
		{E9097B5A-A02A-406A-8EDC-616B06FCD32B}.Release|x86.Build.0 = Release|Any CPU
	EndGlobalSection
	GlobalSection(SolutionProperties) = preSolution
		HideSolutionNode = FALSE
	EndGlobalSection
	GlobalSection(ExtensibilityGlobals) = postSolution
		SolutionGuid = {46E4CF40-D63F-4881-AC25-B0F577BA485C}
	EndGlobalSection
EndGlobal
